// !$*UTF8*$!
{
	archiveVersion = 1;
	classes = {
	};
	objectVersion = 56;
	objects = {

/* Begin PBXBuildFile section */
		CA08823F2AB93F0500A120C5 /* HomepageViewController.swift in Sources */ = {isa = PBXBuildFile; fileRef = CA08823E2AB93F0500A120C5 /* HomepageViewController.swift */; };
		CA0882412AB93F1900A120C5 /* ProductspageViewController.swift in Sources */ = {isa = PBXBuildFile; fileRef = CA0882402AB93F1900A120C5 /* ProductspageViewController.swift */; };
		CA0882432AB93F2900A120C5 /* ProfilepageViewController.swift in Sources */ = {isa = PBXBuildFile; fileRef = CA0882422AB93F2900A120C5 /* ProfilepageViewController.swift */; };
		CA3CB3422AB88F9F00925922 /* AppDelegate.swift in Sources */ = {isa = PBXBuildFile; fileRef = CA3CB3412AB88F9F00925922 /* AppDelegate.swift */; };
		CA3CB3442AB88F9F00925922 /* SceneDelegate.swift in Sources */ = {isa = PBXBuildFile; fileRef = CA3CB3432AB88F9F00925922 /* SceneDelegate.swift */; };
		CA3CB3462AB88F9F00925922 /* ViewController.swift in Sources */ = {isa = PBXBuildFile; fileRef = CA3CB3452AB88F9F00925922 /* ViewController.swift */; };
		CA3CB3492AB88F9F00925922 /* Main.storyboard in Resources */ = {isa = PBXBuildFile; fileRef = CA3CB3472AB88F9F00925922 /* Main.storyboard */; };
		CA3CB34B2AB88FA100925922 /* Assets.xcassets in Resources */ = {isa = PBXBuildFile; fileRef = CA3CB34A2AB88FA100925922 /* Assets.xcassets */; };
		CA3CB34E2AB88FA100925922 /* LaunchScreen.storyboard in Resources */ = {isa = PBXBuildFile; fileRef = CA3CB34C2AB88FA100925922 /* LaunchScreen.storyboard */; };
		CA3CB3592AB88FA100925922 /* Basic_ALL_APPTests.swift in Sources */ = {isa = PBXBuildFile; fileRef = CA3CB3582AB88FA100925922 /* Basic_ALL_APPTests.swift */; };
		CA3CB3632AB88FA100925922 /* Basic_ALL_APPUITests.swift in Sources */ = {isa = PBXBuildFile; fileRef = CA3CB3622AB88FA100925922 /* Basic_ALL_APPUITests.swift */; };
		CA3CB3652AB88FA100925922 /* Basic_ALL_APPUITestsLaunchTests.swift in Sources */ = {isa = PBXBuildFile; fileRef = CA3CB3642AB88FA100925922 /* Basic_ALL_APPUITestsLaunchTests.swift */; };
		CA3CB3722AB8950300925922 /* LoginpageViewController.swift in Sources */ = {isa = PBXBuildFile; fileRef = CA3CB3712AB8950300925922 /* LoginpageViewController.swift */; };
		CA3CB3742AB89EC100925922 /* SignupViewController.swift in Sources */ = {isa = PBXBuildFile; fileRef = CA3CB3732AB89EC100925922 /* SignupViewController.swift */; };
		CA78A1B62ABA0BF5003B1FF3 /* NewTableViewCell.swift in Sources */ = {isa = PBXBuildFile; fileRef = CA78A1B52ABA0BF5003B1FF3 /* NewTableViewCell.swift */; };
		CA78A1B82ABA0C08003B1FF3 /* NewCollectionViewCell.swift in Sources */ = {isa = PBXBuildFile; fileRef = CA78A1B72ABA0C08003B1FF3 /* NewCollectionViewCell.swift */; };
		CA8BEAF92AC3BBC0009B6E78 /* Basic_App.xcdatamodeld in Sources */ = {isa = PBXBuildFile; fileRef = CA8BEAF72AC3BBC0009B6E78 /* Basic_App.xcdatamodeld */; };
		CABF932B2AF795CB00EC8669 /* LoginsegmentViewController.swift in Sources */ = {isa = PBXBuildFile; fileRef = CABF932A2AF795CB00EC8669 /* LoginsegmentViewController.swift */; };
		CABF932D2AF79EC000EC8669 /* RegistersegmentViewController.swift in Sources */ = {isa = PBXBuildFile; fileRef = CABF932C2AF79EC000EC8669 /* RegistersegmentViewController.swift */; };
		CAE86A7B2AF61EFB000041F6 /* ProtocolViewController.swift in Sources */ = {isa = PBXBuildFile; fileRef = CAE86A7A2AF61EFB000041F6 /* ProtocolViewController.swift */; };
		CAE86A7D2AF61F5D000041F6 /* Protocol1ViewController.swift in Sources */ = {isa = PBXBuildFile; fileRef = CAE86A7C2AF61F5D000041F6 /* Protocol1ViewController.swift */; };
		CAE86A7F2AF649EA000041F6 /* AVViewController.swift in Sources */ = {isa = PBXBuildFile; fileRef = CAE86A7E2AF649EA000041F6 /* AVViewController.swift */; };
		CAE86A822AF65214000041F6 /* KGF.mp4 in Resources */ = {isa = PBXBuildFile; fileRef = CAE86A812AF651C5000041F6 /* KGF.mp4 */; };
/* End PBXBuildFile section */

/* Begin PBXContainerItemProxy section */
		CA3CB3552AB88FA100925922 /* PBXContainerItemProxy */ = {
			isa = PBXContainerItemProxy;
			containerPortal = CA3CB3362AB88F9F00925922 /* Project object */;
			proxyType = 1;
			remoteGlobalIDString = CA3CB33D2AB88F9F00925922;
			remoteInfo = Basic_ALL_APP;
		};
		CA3CB35F2AB88FA100925922 /* PBXContainerItemProxy */ = {
			isa = PBXContainerItemProxy;
			containerPortal = CA3CB3362AB88F9F00925922 /* Project object */;
			proxyType = 1;
			remoteGlobalIDString = CA3CB33D2AB88F9F00925922;
			remoteInfo = Basic_ALL_APP;
		};
/* End PBXContainerItemProxy section */

/* Begin PBXFileReference section */
		CA08823E2AB93F0500A120C5 /* HomepageViewController.swift */ = {isa = PBXFileReference; lastKnownFileType = sourcecode.swift; path = HomepageViewController.swift; sourceTree = "<group>"; };
		CA0882402AB93F1900A120C5 /* ProductspageViewController.swift */ = {isa = PBXFileReference; lastKnownFileType = sourcecode.swift; path = ProductspageViewController.swift; sourceTree = "<group>"; };
		CA0882422AB93F2900A120C5 /* ProfilepageViewController.swift */ = {isa = PBXFileReference; lastKnownFileType = sourcecode.swift; path = ProfilepageViewController.swift; sourceTree = "<group>"; };
		CA3CB33E2AB88F9F00925922 /* Basic_ALL_APP.app */ = {isa = PBXFileReference; explicitFileType = wrapper.application; includeInIndex = 0; path = Basic_ALL_APP.app; sourceTree = BUILT_PRODUCTS_DIR; };
		CA3CB3412AB88F9F00925922 /* AppDelegate.swift */ = {isa = PBXFileReference; lastKnownFileType = sourcecode.swift; path = AppDelegate.swift; sourceTree = "<group>"; };
		CA3CB3432AB88F9F00925922 /* SceneDelegate.swift */ = {isa = PBXFileReference; lastKnownFileType = sourcecode.swift; path = SceneDelegate.swift; sourceTree = "<group>"; };
		CA3CB3452AB88F9F00925922 /* ViewController.swift */ = {isa = PBXFileReference; lastKnownFileType = sourcecode.swift; path = ViewController.swift; sourceTree = "<group>"; };
		CA3CB3482AB88F9F00925922 /* Base */ = {isa = PBXFileReference; lastKnownFileType = file.storyboard; name = Base; path = Base.lproj/Main.storyboard; sourceTree = "<group>"; };
		CA3CB34A2AB88FA100925922 /* Assets.xcassets */ = {isa = PBXFileReference; lastKnownFileType = folder.assetcatalog; path = Assets.xcassets; sourceTree = "<group>"; };
		CA3CB34D2AB88FA100925922 /* Base */ = {isa = PBXFileReference; lastKnownFileType = file.storyboard; name = Base; path = Base.lproj/LaunchScreen.storyboard; sourceTree = "<group>"; };
		CA3CB34F2AB88FA100925922 /* Info.plist */ = {isa = PBXFileReference; lastKnownFileType = text.plist.xml; path = Info.plist; sourceTree = "<group>"; };
		CA3CB3542AB88FA100925922 /* Basic_ALL_APPTests.xctest */ = {isa = PBXFileReference; explicitFileType = wrapper.cfbundle; includeInIndex = 0; path = Basic_ALL_APPTests.xctest; sourceTree = BUILT_PRODUCTS_DIR; };
		CA3CB3582AB88FA100925922 /* Basic_ALL_APPTests.swift */ = {isa = PBXFileReference; lastKnownFileType = sourcecode.swift; path = Basic_ALL_APPTests.swift; sourceTree = "<group>"; };
		CA3CB35E2AB88FA100925922 /* Basic_ALL_APPUITests.xctest */ = {isa = PBXFileReference; explicitFileType = wrapper.cfbundle; includeInIndex = 0; path = Basic_ALL_APPUITests.xctest; sourceTree = BUILT_PRODUCTS_DIR; };
		CA3CB3622AB88FA100925922 /* Basic_ALL_APPUITests.swift */ = {isa = PBXFileReference; lastKnownFileType = sourcecode.swift; path = Basic_ALL_APPUITests.swift; sourceTree = "<group>"; };
		CA3CB3642AB88FA100925922 /* Basic_ALL_APPUITestsLaunchTests.swift */ = {isa = PBXFileReference; lastKnownFileType = sourcecode.swift; path = Basic_ALL_APPUITestsLaunchTests.swift; sourceTree = "<group>"; };
		CA3CB3712AB8950300925922 /* LoginpageViewController.swift */ = {isa = PBXFileReference; lastKnownFileType = sourcecode.swift; path = LoginpageViewController.swift; sourceTree = "<group>"; };
		CA3CB3732AB89EC100925922 /* SignupViewController.swift */ = {isa = PBXFileReference; lastKnownFileType = sourcecode.swift; path = SignupViewController.swift; sourceTree = "<group>"; };
		CA78A1B52ABA0BF5003B1FF3 /* NewTableViewCell.swift */ = {isa = PBXFileReference; lastKnownFileType = sourcecode.swift; path = NewTableViewCell.swift; sourceTree = "<group>"; };
		CA78A1B72ABA0C08003B1FF3 /* NewCollectionViewCell.swift */ = {isa = PBXFileReference; lastKnownFileType = sourcecode.swift; path = NewCollectionViewCell.swift; sourceTree = "<group>"; };
		CA8BEAF82AC3BBC0009B6E78 /* Basic_App.xcdatamodel */ = {isa = PBXFileReference; lastKnownFileType = wrapper.xcdatamodel; path = Basic_App.xcdatamodel; sourceTree = "<group>"; };
		CABF932A2AF795CB00EC8669 /* LoginsegmentViewController.swift */ = {isa = PBXFileReference; lastKnownFileType = sourcecode.swift; path = LoginsegmentViewController.swift; sourceTree = "<group>"; };
		CABF932C2AF79EC000EC8669 /* RegistersegmentViewController.swift */ = {isa = PBXFileReference; lastKnownFileType = sourcecode.swift; path = RegistersegmentViewController.swift; sourceTree = "<group>"; };
		CAE86A7A2AF61EFB000041F6 /* ProtocolViewController.swift */ = {isa = PBXFileReference; lastKnownFileType = sourcecode.swift; path = ProtocolViewController.swift; sourceTree = "<group>"; };
		CAE86A7C2AF61F5D000041F6 /* Protocol1ViewController.swift */ = {isa = PBXFileReference; lastKnownFileType = sourcecode.swift; path = Protocol1ViewController.swift; sourceTree = "<group>"; };
		CAE86A7E2AF649EA000041F6 /* AVViewController.swift */ = {isa = PBXFileReference; lastKnownFileType = sourcecode.swift; path = AVViewController.swift; sourceTree = "<group>"; };
		CAE86A812AF651C5000041F6 /* KGF.mp4 */ = {isa = PBXFileReference; lastKnownFileType = file; path = KGF.mp4; sourceTree = "<group>"; };
		CAE86A832AF67285000041F6 /* Basic_ALL_APP.entitlements */ = {isa = PBXFileReference; lastKnownFileType = text.plist.entitlements; path = Basic_ALL_APP.entitlements; sourceTree = "<group>"; };
/* End PBXFileReference section */

/* Begin PBXFrameworksBuildPhase section */
		CA3CB33B2AB88F9F00925922 /* Frameworks */ = {
			isa = PBXFrameworksBuildPhase;
			buildActionMask = 2147483647;
			files = (
			);
			runOnlyForDeploymentPostprocessing = 0;
		};
		CA3CB3512AB88FA100925922 /* Frameworks */ = {
			isa = PBXFrameworksBuildPhase;
			buildActionMask = 2147483647;
			files = (
			);
			runOnlyForDeploymentPostprocessing = 0;
		};
		CA3CB35B2AB88FA100925922 /* Frameworks */ = {
			isa = PBXFrameworksBuildPhase;
			buildActionMask = 2147483647;
			files = (
			);
			runOnlyForDeploymentPostprocessing = 0;
		};
/* End PBXFrameworksBuildPhase section */

/* Begin PBXGroup section */
		CA3CB3352AB88F9F00925922 = {
			isa = PBXGroup;
			children = (
				CA3CB3402AB88F9F00925922 /* Basic_ALL_APP */,
				CA3CB3572AB88FA100925922 /* Basic_ALL_APPTests */,
				CA3CB3612AB88FA100925922 /* Basic_ALL_APPUITests */,
				CA3CB33F2AB88F9F00925922 /* Products */,
			);
			sourceTree = "<group>";
		};
		CA3CB33F2AB88F9F00925922 /* Products */ = {
			isa = PBXGroup;
			children = (
				CA3CB33E2AB88F9F00925922 /* Basic_ALL_APP.app */,
				CA3CB3542AB88FA100925922 /* Basic_ALL_APPTests.xctest */,
				CA3CB35E2AB88FA100925922 /* Basic_ALL_APPUITests.xctest */,
			);
			name = Products;
			sourceTree = "<group>";
		};
		CA3CB3402AB88F9F00925922 /* Basic_ALL_APP */ = {
			isa = PBXGroup;
			children = (
				CABF93292AF7959400EC8669 /* Loginsegment */,
				CAE86A832AF67285000041F6 /* Basic_ALL_APP.entitlements */,
				CAE86A812AF651C5000041F6 /* KGF.mp4 */,
				CA3CB3412AB88F9F00925922 /* AppDelegate.swift */,
				CA3CB3432AB88F9F00925922 /* SceneDelegate.swift */,
				CA3CB3452AB88F9F00925922 /* ViewController.swift */,
				CAE86A7E2AF649EA000041F6 /* AVViewController.swift */,
				CAE86A7C2AF61F5D000041F6 /* Protocol1ViewController.swift */,
				CAE86A7A2AF61EFB000041F6 /* ProtocolViewController.swift */,
				CA8BEAF72AC3BBC0009B6E78 /* Basic_App.xcdatamodeld */,
				CA78A1B72ABA0C08003B1FF3 /* NewCollectionViewCell.swift */,
				CA78A1B52ABA0BF5003B1FF3 /* NewTableViewCell.swift */,
				CA0882422AB93F2900A120C5 /* ProfilepageViewController.swift */,
				CA0882402AB93F1900A120C5 /* ProductspageViewController.swift */,
				CA08823E2AB93F0500A120C5 /* HomepageViewController.swift */,
				CA3CB3732AB89EC100925922 /* SignupViewController.swift */,
				CA3CB3472AB88F9F00925922 /* Main.storyboard */,
				CA3CB34A2AB88FA100925922 /* Assets.xcassets */,
				CA3CB34C2AB88FA100925922 /* LaunchScreen.storyboard */,
				CA3CB34F2AB88FA100925922 /* Info.plist */,
			);
			path = Basic_ALL_APP;
			sourceTree = "<group>";
		};
		CA3CB3572AB88FA100925922 /* Basic_ALL_APPTests */ = {
			isa = PBXGroup;
			children = (
				CA3CB3582AB88FA100925922 /* Basic_ALL_APPTests.swift */,
			);
			path = Basic_ALL_APPTests;
			sourceTree = "<group>";
		};
		CA3CB3612AB88FA100925922 /* Basic_ALL_APPUITests */ = {
			isa = PBXGroup;
			children = (
				CA3CB3622AB88FA100925922 /* Basic_ALL_APPUITests.swift */,
				CA3CB3642AB88FA100925922 /* Basic_ALL_APPUITestsLaunchTests.swift */,
			);
			path = Basic_ALL_APPUITests;
			sourceTree = "<group>";
		};
		CABF93292AF7959400EC8669 /* Loginsegment */ = {
			isa = PBXGroup;
			children = (
				CA3CB3712AB8950300925922 /* LoginpageViewController.swift */,
				CABF932A2AF795CB00EC8669 /* LoginsegmentViewController.swift */,
				CABF932C2AF79EC000EC8669 /* RegistersegmentViewController.swift */,
			);
			path = Loginsegment;
			sourceTree = "<group>";
		};
/* End PBXGroup section */

/* Begin PBXNativeTarget section */
		CA3CB33D2AB88F9F00925922 /* Basic_ALL_APP */ = {
			isa = PBXNativeTarget;
			buildConfigurationList = CA3CB3682AB88FA100925922 /* Build configuration list for PBXNativeTarget "Basic_ALL_APP" */;
			buildPhases = (
				CA3CB33A2AB88F9F00925922 /* Sources */,
				CA3CB33B2AB88F9F00925922 /* Frameworks */,
				CA3CB33C2AB88F9F00925922 /* Resources */,
			);
			buildRules = (
			);
			dependencies = (
			);
			name = Basic_ALL_APP;
			productName = Basic_ALL_APP;
			productReference = CA3CB33E2AB88F9F00925922 /* Basic_ALL_APP.app */;
			productType = "com.apple.product-type.application";
		};
		CA3CB3532AB88FA100925922 /* Basic_ALL_APPTests */ = {
			isa = PBXNativeTarget;
			buildConfigurationList = CA3CB36B2AB88FA100925922 /* Build configuration list for PBXNativeTarget "Basic_ALL_APPTests" */;
			buildPhases = (
				CA3CB3502AB88FA100925922 /* Sources */,
				CA3CB3512AB88FA100925922 /* Frameworks */,
				CA3CB3522AB88FA100925922 /* Resources */,
			);
			buildRules = (
			);
			dependencies = (
				CA3CB3562AB88FA100925922 /* PBXTargetDependency */,
			);
			name = Basic_ALL_APPTests;
			productName = Basic_ALL_APPTests;
			productReference = CA3CB3542AB88FA100925922 /* Basic_ALL_APPTests.xctest */;
			productType = "com.apple.product-type.bundle.unit-test";
		};
		CA3CB35D2AB88FA100925922 /* Basic_ALL_APPUITests */ = {
			isa = PBXNativeTarget;
			buildConfigurationList = CA3CB36E2AB88FA100925922 /* Build configuration list for PBXNativeTarget "Basic_ALL_APPUITests" */;
			buildPhases = (
				CA3CB35A2AB88FA100925922 /* Sources */,
				CA3CB35B2AB88FA100925922 /* Frameworks */,
				CA3CB35C2AB88FA100925922 /* Resources */,
			);
			buildRules = (
			);
			dependencies = (
				CA3CB3602AB88FA100925922 /* PBXTargetDependency */,
			);
			name = Basic_ALL_APPUITests;
			productName = Basic_ALL_APPUITests;
			productReference = CA3CB35E2AB88FA100925922 /* Basic_ALL_APPUITests.xctest */;
			productType = "com.apple.product-type.bundle.ui-testing";
		};
/* End PBXNativeTarget section */

/* Begin PBXProject section */
		CA3CB3362AB88F9F00925922 /* Project object */ = {
			isa = PBXProject;
			attributes = {
				BuildIndependentTargetsInParallel = 1;
				LastSwiftUpdateCheck = 1420;
				LastUpgradeCheck = 1420;
				TargetAttributes = {
					CA3CB33D2AB88F9F00925922 = {
						CreatedOnToolsVersion = 14.2;
					};
					CA3CB3532AB88FA100925922 = {
						CreatedOnToolsVersion = 14.2;
						TestTargetID = CA3CB33D2AB88F9F00925922;
					};
					CA3CB35D2AB88FA100925922 = {
						CreatedOnToolsVersion = 14.2;
						TestTargetID = CA3CB33D2AB88F9F00925922;
					};
				};
			};
			buildConfigurationList = CA3CB3392AB88F9F00925922 /* Build configuration list for PBXProject "Basic_ALL_APP" */;
			compatibilityVersion = "Xcode 14.0";
			developmentRegion = en;
			hasScannedForEncodings = 0;
			knownRegions = (
				en,
				Base,
			);
			mainGroup = CA3CB3352AB88F9F00925922;
			productRefGroup = CA3CB33F2AB88F9F00925922 /* Products */;
			projectDirPath = "";
			projectRoot = "";
			targets = (
				CA3CB33D2AB88F9F00925922 /* Basic_ALL_APP */,
				CA3CB3532AB88FA100925922 /* Basic_ALL_APPTests */,
				CA3CB35D2AB88FA100925922 /* Basic_ALL_APPUITests */,
			);
		};
/* End PBXProject section */

/* Begin PBXResourcesBuildPhase section */
		CA3CB33C2AB88F9F00925922 /* Resources */ = {
			isa = PBXResourcesBuildPhase;
			buildActionMask = 2147483647;
			files = (
				CAE86A822AF65214000041F6 /* KGF.mp4 in Resources */,
				CA3CB34E2AB88FA100925922 /* LaunchScreen.storyboard in Resources */,
				CA3CB34B2AB88FA100925922 /* Assets.xcassets in Resources */,
				CA3CB3492AB88F9F00925922 /* Main.storyboard in Resources */,
			);
			runOnlyForDeploymentPostprocessing = 0;
		};
		CA3CB3522AB88FA100925922 /* Resources */ = {
			isa = PBXResourcesBuildPhase;
			buildActionMask = 2147483647;
			files = (
			);
			runOnlyForDeploymentPostprocessing = 0;
		};
		CA3CB35C2AB88FA100925922 /* Resources */ = {
			isa = PBXResourcesBuildPhase;
			buildActionMask = 2147483647;
			files = (
			);
			runOnlyForDeploymentPostprocessing = 0;
		};
/* End PBXResourcesBuildPhase section */

/* Begin PBXSourcesBuildPhase section */
		CA3CB33A2AB88F9F00925922 /* Sources */ = {
			isa = PBXSourcesBuildPhase;
			buildActionMask = 2147483647;
			files = (
				CA78A1B62ABA0BF5003B1FF3 /* NewTableViewCell.swift in Sources */,
				CA3CB3462AB88F9F00925922 /* ViewController.swift in Sources */,
				CA0882412AB93F1900A120C5 /* ProductspageViewController.swift in Sources */,
				CA78A1B82ABA0C08003B1FF3 /* NewCollectionViewCell.swift in Sources */,
				CAE86A7B2AF61EFB000041F6 /* ProtocolViewController.swift in Sources */,
				CA3CB3722AB8950300925922 /* LoginpageViewController.swift in Sources */,
				CA08823F2AB93F0500A120C5 /* HomepageViewController.swift in Sources */,
				CA8BEAF92AC3BBC0009B6E78 /* Basic_App.xcdatamodeld in Sources */,
				CA3CB3742AB89EC100925922 /* SignupViewController.swift in Sources */,
				CA3CB3422AB88F9F00925922 /* AppDelegate.swift in Sources */,
				CABF932B2AF795CB00EC8669 /* LoginsegmentViewController.swift in Sources */,
				CA3CB3442AB88F9F00925922 /* SceneDelegate.swift in Sources */,
				CAE86A7F2AF649EA000041F6 /* AVViewController.swift in Sources */,
				CABF932D2AF79EC000EC8669 /* RegistersegmentViewController.swift in Sources */,
				CAE86A7D2AF61F5D000041F6 /* Protocol1ViewController.swift in Sources */,
				CA0882432AB93F2900A120C5 /* ProfilepageViewController.swift in Sources */,
			);
			runOnlyForDeploymentPostprocessing = 0;
		};
		CA3CB3502AB88FA100925922 /* Sources */ = {
			isa = PBXSourcesBuildPhase;
			buildActionMask = 2147483647;
			files = (
				CA3CB3592AB88FA100925922 /* Basic_ALL_APPTests.swift in Sources */,
			);
			runOnlyForDeploymentPostprocessing = 0;
		};
		CA3CB35A2AB88FA100925922 /* Sources */ = {
			isa = PBXSourcesBuildPhase;
			buildActionMask = 2147483647;
			files = (
				CA3CB3632AB88FA100925922 /* Basic_ALL_APPUITests.swift in Sources */,
				CA3CB3652AB88FA100925922 /* Basic_ALL_APPUITestsLaunchTests.swift in Sources */,
			);
			runOnlyForDeploymentPostprocessing = 0;
		};
/* End PBXSourcesBuildPhase section */

/* Begin PBXTargetDependency section */
		CA3CB3562AB88FA100925922 /* PBXTargetDependency */ = {
			isa = PBXTargetDependency;
			target = CA3CB33D2AB88F9F00925922 /* Basic_ALL_APP */;
			targetProxy = CA3CB3552AB88FA100925922 /* PBXContainerItemProxy */;
		};
		CA3CB3602AB88FA100925922 /* PBXTargetDependency */ = {
			isa = PBXTargetDependency;
			target = CA3CB33D2AB88F9F00925922 /* Basic_ALL_APP */;
			targetProxy = CA3CB35F2AB88FA100925922 /* PBXContainerItemProxy */;
		};
/* End PBXTargetDependency section */

/* Begin PBXVariantGroup section */
		CA3CB3472AB88F9F00925922 /* Main.storyboard */ = {
			isa = PBXVariantGroup;
			children = (
				CA3CB3482AB88F9F00925922 /* Base */,
			);
			name = Main.storyboard;
			sourceTree = "<group>";
		};
		CA3CB34C2AB88FA100925922 /* LaunchScreen.storyboard */ = {
			isa = PBXVariantGroup;
			children = (
				CA3CB34D2AB88FA100925922 /* Base */,
			);
			name = LaunchScreen.storyboard;
			sourceTree = "<group>";
		};
/* End PBXVariantGroup section */

/* Begin XCBuildConfiguration section */
		CA3CB3662AB88FA100925922 /* Debug */ = {
			isa = XCBuildConfiguration;
			buildSettings = {
				ALWAYS_SEARCH_USER_PATHS = NO;
				CLANG_ANALYZER_NONNULL = YES;
				CLANG_ANALYZER_NUMBER_OBJECT_CONVERSION = YES_AGGRESSIVE;
				CLANG_CXX_LANGUAGE_STANDARD = "gnu++20";
				CLANG_ENABLE_MODULES = YES;
				CLANG_ENABLE_OBJC_ARC = YES;
				CLANG_ENABLE_OBJC_WEAK = YES;
				CLANG_WARN_BLOCK_CAPTURE_AUTORELEASING = YES;
				CLANG_WARN_BOOL_CONVERSION = YES;
				CLANG_WARN_COMMA = YES;
				CLANG_WARN_CONSTANT_CONVERSION = YES;
				CLANG_WARN_DEPRECATED_OBJC_IMPLEMENTATIONS = YES;
				CLANG_WARN_DIRECT_OBJC_ISA_USAGE = YES_ERROR;
				CLANG_WARN_DOCUMENTATION_COMMENTS = YES;
				CLANG_WARN_EMPTY_BODY = YES;
				CLANG_WARN_ENUM_CONVERSION = YES;
				CLANG_WARN_INFINITE_RECURSION = YES;
				CLANG_WARN_INT_CONVERSION = YES;
				CLANG_WARN_NON_LITERAL_NULL_CONVERSION = YES;
				CLANG_WARN_OBJC_IMPLICIT_RETAIN_SELF = YES;
				CLANG_WARN_OBJC_LITERAL_CONVERSION = YES;
				CLANG_WARN_OBJC_ROOT_CLASS = YES_ERROR;
				CLANG_WARN_QUOTED_INCLUDE_IN_FRAMEWORK_HEADER = YES;
				CLANG_WARN_RANGE_LOOP_ANALYSIS = YES;
				CLANG_WARN_STRICT_PROTOTYPES = YES;
				CLANG_WARN_SUSPICIOUS_MOVE = YES;
				CLANG_WARN_UNGUARDED_AVAILABILITY = YES_AGGRESSIVE;
				CLANG_WARN_UNREACHABLE_CODE = YES;
				CLANG_WARN__DUPLICATE_METHOD_MATCH = YES;
				COPY_PHASE_STRIP = NO;
				DEBUG_INFORMATION_FORMAT = dwarf;
				ENABLE_STRICT_OBJC_MSGSEND = YES;
				ENABLE_TESTABILITY = YES;
				GCC_C_LANGUAGE_STANDARD = gnu11;
				GCC_DYNAMIC_NO_PIC = NO;
				GCC_NO_COMMON_BLOCKS = YES;
				GCC_OPTIMIZATION_LEVEL = 0;
				GCC_PREPROCESSOR_DEFINITIONS = (
					"DEBUG=1",
					"$(inherited)",
				);
				GCC_WARN_64_TO_32_BIT_CONVERSION = YES;
				GCC_WARN_ABOUT_RETURN_TYPE = YES_ERROR;
				GCC_WARN_UNDECLARED_SELECTOR = YES;
				GCC_WARN_UNINITIALIZED_AUTOS = YES_AGGRESSIVE;
				GCC_WARN_UNUSED_FUNCTION = YES;
				GCC_WARN_UNUSED_VARIABLE = YES;
				IPHONEOS_DEPLOYMENT_TARGET = 16.2;
				MTL_ENABLE_DEBUG_INFO = INCLUDE_SOURCE;
				MTL_FAST_MATH = YES;
				ONLY_ACTIVE_ARCH = YES;
				SDKROOT = iphoneos;
				SWIFT_ACTIVE_COMPILATION_CONDITIONS = DEBUG;
				SWIFT_OPTIMIZATION_LEVEL = "-Onone";
			};
			name = Debug;
		};
		CA3CB3672AB88FA100925922 /* Release */ = {
			isa = XCBuildConfiguration;
			buildSettings = {
				ALWAYS_SEARCH_USER_PATHS = NO;
				CLANG_ANALYZER_NONNULL = YES;
				CLANG_ANALYZER_NUMBER_OBJECT_CONVERSION = YES_AGGRESSIVE;
				CLANG_CXX_LANGUAGE_STANDARD = "gnu++20";
				CLANG_ENABLE_MODULES = YES;
				CLANG_ENABLE_OBJC_ARC = YES;
				CLANG_ENABLE_OBJC_WEAK = YES;
				CLANG_WARN_BLOCK_CAPTURE_AUTORELEASING = YES;
				CLANG_WARN_BOOL_CONVERSION = YES;
				CLANG_WARN_COMMA = YES;
				CLANG_WARN_CONSTANT_CONVERSION = YES;
				CLANG_WARN_DEPRECATED_OBJC_IMPLEMENTATIONS = YES;
				CLANG_WARN_DIRECT_OBJC_ISA_USAGE = YES_ERROR;
				CLANG_WARN_DOCUMENTATION_COMMENTS = YES;
				CLANG_WARN_EMPTY_BODY = YES;
				CLANG_WARN_ENUM_CONVERSION = YES;
				CLANG_WARN_INFINITE_RECURSION = YES;
				CLANG_WARN_INT_CONVERSION = YES;
				CLANG_WARN_NON_LITERAL_NULL_CONVERSION = YES;
				CLANG_WARN_OBJC_IMPLICIT_RETAIN_SELF = YES;
				CLANG_WARN_OBJC_LITERAL_CONVERSION = YES;
				CLANG_WARN_OBJC_ROOT_CLASS = YES_ERROR;
				CLANG_WARN_QUOTED_INCLUDE_IN_FRAMEWORK_HEADER = YES;
				CLANG_WARN_RANGE_LOOP_ANALYSIS = YES;
				CLANG_WARN_STRICT_PROTOTYPES = YES;
				CLANG_WARN_SUSPICIOUS_MOVE = YES;
				CLANG_WARN_UNGUARDED_AVAILABILITY = YES_AGGRESSIVE;
				CLANG_WARN_UNREACHABLE_CODE = YES;
				CLANG_WARN__DUPLICATE_METHOD_MATCH = YES;
				COPY_PHASE_STRIP = NO;
				DEBUG_INFORMATION_FORMAT = "dwarf-with-dsym";
				ENABLE_NS_ASSERTIONS = NO;
				ENABLE_STRICT_OBJC_MSGSEND = YES;
				GCC_C_LANGUAGE_STANDARD = gnu11;
				GCC_NO_COMMON_BLOCKS = YES;
				GCC_WARN_64_TO_32_BIT_CONVERSION = YES;
				GCC_WARN_ABOUT_RETURN_TYPE = YES_ERROR;
				GCC_WARN_UNDECLARED_SELECTOR = YES;
				GCC_WARN_UNINITIALIZED_AUTOS = YES_AGGRESSIVE;
				GCC_WARN_UNUSED_FUNCTION = YES;
				GCC_WARN_UNUSED_VARIABLE = YES;
				IPHONEOS_DEPLOYMENT_TARGET = 16.2;
				MTL_ENABLE_DEBUG_INFO = NO;
				MTL_FAST_MATH = YES;
				SDKROOT = iphoneos;
				SWIFT_COMPILATION_MODE = wholemodule;
				SWIFT_OPTIMIZATION_LEVEL = "-O";
				VALIDATE_PRODUCT = YES;
			};
			name = Release;
		};
		CA3CB3692AB88FA100925922 /* Debug */ = {
			isa = XCBuildConfiguration;
			buildSettings = {
				ASSETCATALOG_COMPILER_APPICON_NAME = AppIcon;
				ASSETCATALOG_COMPILER_GLOBAL_ACCENT_COLOR_NAME = AccentColor;
				CODE_SIGN_ENTITLEMENTS = Basic_ALL_APP/Basic_ALL_APP.entitlements;
				CODE_SIGN_STYLE = Automatic;
				CURRENT_PROJECT_VERSION = 1;
				GENERATE_INFOPLIST_FILE = YES;
				INFOPLIST_FILE = Basic_ALL_APP/Info.plist;
				INFOPLIST_KEY_UIApplicationSupportsIndirectInputEvents = YES;
				INFOPLIST_KEY_UILaunchStoryboardName = LaunchScreen;
				INFOPLIST_KEY_UIMainStoryboardFile = Main;
				INFOPLIST_KEY_UISupportedInterfaceOrientations_iPad = "UIInterfaceOrientationPortrait UIInterfaceOrientationPortraitUpsideDown UIInterfaceOrientationLandscapeLeft UIInterfaceOrientationLandscapeRight";
				INFOPLIST_KEY_UISupportedInterfaceOrientations_iPhone = "UIInterfaceOrientationPortrait UIInterfaceOrientationLandscapeLeft UIInterfaceOrientationLandscapeRight";
				LD_RUNPATH_SEARCH_PATHS = (
					"$(inherited)",
					"@executable_path/Frameworks",
				);
				MARKETING_VERSION = 1.0;
				PRODUCT_BUNDLE_IDENTIFIER = "guru.Basic-ALL-APP";
				PRODUCT_NAME = "$(TARGET_NAME)";
				SWIFT_EMIT_LOC_STRINGS = YES;
				SWIFT_VERSION = 5.0;
				TARGETED_DEVICE_FAMILY = "1,2";
			};
			name = Debug;
		};
		CA3CB36A2AB88FA100925922 /* Release */ = {
			isa = XCBuildConfiguration;
			buildSettings = {
				ASSETCATALOG_COMPILER_APPICON_NAME = AppIcon;
				ASSETCATALOG_COMPILER_GLOBAL_ACCENT_COLOR_NAME = AccentColor;
				CODE_SIGN_ENTITLEMENTS = Basic_ALL_APP/Basic_ALL_APP.entitlements;
				CODE_SIGN_STYLE = Automatic;
				CURRENT_PROJECT_VERSION = 1;
				GENERATE_INFOPLIST_FILE = YES;
				INFOPLIST_FILE = Basic_ALL_APP/Info.plist;
				INFOPLIST_KEY_UIApplicationSupportsIndirectInputEvents = YES;
				INFOPLIST_KEY_UILaunchStoryboardName = LaunchScreen;
				INFOPLIST_KEY_UIMainStoryboardFile = Main;
				INFOPLIST_KEY_UISupportedInterfaceOrientations_iPad = "UIInterfaceOrientationPortrait UIInterfaceOrientationPortraitUpsideDown UIInterfaceOrientationLandscapeLeft UIInterfaceOrientationLandscapeRight";
				INFOPLIST_KEY_UISupportedInterfaceOrientations_iPhone = "UIInterfaceOrientationPortrait UIInterfaceOrientationLandscapeLeft UIInterfaceOrientationLandscapeRight";
				LD_RUNPATH_SEARCH_PATHS = (
					"$(inherited)",
					"@executable_path/Frameworks",
				);
				MARKETING_VERSION = 1.0;
				PRODUCT_BUNDLE_IDENTIFIER = "guru.Basic-ALL-APP";
				PRODUCT_NAME = "$(TARGET_NAME)";
				SWIFT_EMIT_LOC_STRINGS = YES;
				SWIFT_VERSION = 5.0;
				TARGETED_DEVICE_FAMILY = "1,2";
			};
			name = Release;
		};
		CA3CB36C2AB88FA100925922 /* Debug */ = {
			isa = XCBuildConfiguration;
			buildSettings = {
				ALWAYS_EMBED_SWIFT_STANDARD_LIBRARIES = YES;
				BUNDLE_LOADER = "$(TEST_HOST)";
				CODE_SIGN_STYLE = Automatic;
				CURRENT_PROJECT_VERSION = 1;
				GENERATE_INFOPLIST_FILE = YES;
				IPHONEOS_DEPLOYMENT_TARGET = 16.2;
				MARKETING_VERSION = 1.0;
				PRODUCT_BUNDLE_IDENTIFIER = "guru.Basic-ALL-APPTests";
				PRODUCT_NAME = "$(TARGET_NAME)";
				SWIFT_EMIT_LOC_STRINGS = NO;
				SWIFT_VERSION = 5.0;
				TARGETED_DEVICE_FAMILY = "1,2";
				TEST_HOST = "$(BUILT_PRODUCTS_DIR)/Basic_ALL_APP.app/$(BUNDLE_EXECUTABLE_FOLDER_PATH)/Basic_ALL_APP";
			};
			name = Debug;
		};
		CA3CB36D2AB88FA100925922 /* Release */ = {
			isa = XCBuildConfiguration;
			buildSettings = {
				ALWAYS_EMBED_SWIFT_STANDARD_LIBRARIES = YES;
				BUNDLE_LOADER = "$(TEST_HOST)";
				CODE_SIGN_STYLE = Automatic;
				CURRENT_PROJECT_VERSION = 1;
				GENERATE_INFOPLIST_FILE = YES;
				IPHONEOS_DEPLOYMENT_TARGET = 16.2;
				MARKETING_VERSION = 1.0;
				PRODUCT_BUNDLE_IDENTIFIER = "guru.Basic-ALL-APPTests";
				PRODUCT_NAME = "$(TARGET_NAME)";
				SWIFT_EMIT_LOC_STRINGS = NO;
				SWIFT_VERSION = 5.0;
				TARGETED_DEVICE_FAMILY = "1,2";
				TEST_HOST = "$(BUILT_PRODUCTS_DIR)/Basic_ALL_APP.app/$(BUNDLE_EXECUTABLE_FOLDER_PATH)/Basic_ALL_APP";
			};
			name = Release;
		};
		CA3CB36F2AB88FA100925922 /* Debug */ = {
			isa = XCBuildConfiguration;
			buildSettings = {
				ALWAYS_EMBED_SWIFT_STANDARD_LIBRARIES = YES;
				CODE_SIGN_STYLE = Automatic;
				CURRENT_PROJECT_VERSION = 1;
				GENERATE_INFOPLIST_FILE = YES;
				MARKETING_VERSION = 1.0;
				PRODUCT_BUNDLE_IDENTIFIER = "guru.Basic-ALL-APPUITests";
				PRODUCT_NAME = "$(TARGET_NAME)";
				SWIFT_EMIT_LOC_STRINGS = NO;
				SWIFT_VERSION = 5.0;
				TARGETED_DEVICE_FAMILY = "1,2";
				TEST_TARGET_NAME = Basic_ALL_APP;
			};
			name = Debug;
		};
		CA3CB3702AB88FA100925922 /* Release */ = {
			isa = XCBuildConfiguration;
			buildSettings = {
				ALWAYS_EMBED_SWIFT_STANDARD_LIBRARIES = YES;
				CODE_SIGN_STYLE = Automatic;
				CURRENT_PROJECT_VERSION = 1;
				GENERATE_INFOPLIST_FILE = YES;
				MARKETING_VERSION = 1.0;
				PRODUCT_BUNDLE_IDENTIFIER = "guru.Basic-ALL-APPUITests";
				PRODUCT_NAME = "$(TARGET_NAME)";
				SWIFT_EMIT_LOC_STRINGS = NO;
				SWIFT_VERSION = 5.0;
				TARGETED_DEVICE_FAMILY = "1,2";
				TEST_TARGET_NAME = Basic_ALL_APP;
			};
			name = Release;
		};
/* End XCBuildConfiguration section */

/* Begin XCConfigurationList section */
		CA3CB3392AB88F9F00925922 /* Build configuration list for PBXProject "Basic_ALL_APP" */ = {
			isa = XCConfigurationList;
			buildConfigurations = (
				CA3CB3662AB88FA100925922 /* Debug */,
				CA3CB3672AB88FA100925922 /* Release */,
			);
			defaultConfigurationIsVisible = 0;
			defaultConfigurationName = Release;
		};
		CA3CB3682AB88FA100925922 /* Build configuration list for PBXNativeTarget "Basic_ALL_APP" */ = {
			isa = XCConfigurationList;
			buildConfigurations = (
				CA3CB3692AB88FA100925922 /* Debug */,
				CA3CB36A2AB88FA100925922 /* Release */,
			);
			defaultConfigurationIsVisible = 0;
			defaultConfigurationName = Release;
		};
		CA3CB36B2AB88FA100925922 /* Build configuration list for PBXNativeTarget "Basic_ALL_APPTests" */ = {
			isa = XCConfigurationList;
			buildConfigurations = (
				CA3CB36C2AB88FA100925922 /* Debug */,
				CA3CB36D2AB88FA100925922 /* Release */,
			);
			defaultConfigurationIsVisible = 0;
			defaultConfigurationName = Release;
		};
		CA3CB36E2AB88FA100925922 /* Build configuration list for PBXNativeTarget "Basic_ALL_APPUITests" */ = {
			isa = XCConfigurationList;
			buildConfigurations = (
				CA3CB36F2AB88FA100925922 /* Debug */,
				CA3CB3702AB88FA100925922 /* Release */,
			);
			defaultConfigurationIsVisible = 0;
			defaultConfigurationName = Release;
		};
/* End XCConfigurationList section */

/* Begin XCVersionGroup section */
		CA8BEAF72AC3BBC0009B6E78 /* Basic_App.xcdatamodeld */ = {
			isa = XCVersionGroup;
			children = (
				CA8BEAF82AC3BBC0009B6E78 /* Basic_App.xcdatamodel */,
			);
			currentVersion = CA8BEAF82AC3BBC0009B6E78 /* Basic_App.xcdatamodel */;
			path = Basic_App.xcdatamodeld;
			sourceTree = "<group>";
			versionGroupType = wrapper.xcdatamodel;
		};
/* End XCVersionGroup section */
	};
	rootObject = CA3CB3362AB88F9F00925922 /* Project object */;
}
